{
  "name": "ngx-music",
  "version": "0.0.0",
  "lockfileVersion": 1,
  "requires": true,
  "dependencies": {
    "@types/fastclick": {
      "version": "1.0.28",
      "resolved": "http://registry.npm.taobao.org/@types/fastclick/download/@types/fastclick-1.0.28.tgz",
      "integrity": "sha1-20s/bweSNTJLJkM44in5zdmKbE4=",
      "dev": true
    }
  }
}
